
Microsoft Visual Studio Solution File, Format Version 12.00
# Visual Studio Version 16
VisualStudioVersion = 16.0.31613.86
MinimumVisualStudioVersion = 10.0.40219.1
Project("{FAE04EC0-301F-11D3-BF4B-00C04F79EFBC}") = "JournalOfElectricityMeteringDevices", "JournalOfElectricityMeteringDevices\JournalOfElectricityMeteringDevices.csproj", "{D5A0E5CD-4D67-481C-88F2-98931B12458B}"
EndProject
Global
	GlobalSection(SolutionConfigurationPlatforms) = preSolution
		Debug|Any CPU = Debug|Any CPU
		Release|Any CPU = Release|Any CPU
	EndGlobalSection
	GlobalSection(ProjectConfigurationPlatforms) = postSolution
		{D5A0E5CD-4D67-481C-88F2-98931B12458B}.Debug|Any CPU.ActiveCfg = Debug|Any CPU
		{D5A0E5CD-4D67-481C-88F2-98931B12458B}.Debug|Any CPU.Build.0 = Debug|Any CPU
		{D5A0E5CD-4D67-481C-88F2-98931B12458B}.Release|Any CPU.ActiveCfg = Release|Any CPU
		{D5A0E5CD-4D67-481C-88F2-98931B12458B}.Release|Any CPU.Build.0 = Release|Any CPU
	EndGlobalSection
	GlobalSection(SolutionProperties) = preSolution
		HideSolutionNode = FALSE
	EndGlobalSection
	GlobalSection(ExtensibilityGlobals) = postSolution
		SolutionGuid = {8A565D11-6F09-42D9-85EB-C95F42A969DA}
	EndGlobalSection
EndGlobal
